
Microsoft Visual Studio Solution File, Format Version 12.00
# Visual Studio 2013
VisualStudioVersion = 12.0.31101.0
MinimumVisualStudioVersion = 10.0.40219.1
Project("{FAE04EC0-301F-11D3-BF4B-00C04F79EFBC}") = "EasyPayment4u.WebApi2", "EasyPayment4u.WebApi2\EasyPayment4u.WebApi2.csproj", "{C452AAF6-D6FB-4F71-AAF8-08E74F41D089}"
EndProject
Project("{FAE04EC0-301F-11D3-BF4B-00C04F79EFBC}") = "EasyPayment4u.Api2", "EasyPayment4u.Api2\EasyPayment4u.Api2.csproj", "{51C4DF7D-B8CD-4BF0-9C69-EEE6FFF73E08}"
EndProject
Global
	GlobalSection(TeamFoundationVersionControl) = preSolution
		SccNumberOfProjects = 3
		SccEnterpriseProvider = {4CA58AB2-18FA-4F8D-95D4-32DDF27D184C}
		SccTeamFoundationServer = https://ep4.visualstudio.com/defaultcollection
		SccLocalPath0 = .
		SccProjectUniqueName1 = EasyPayment4u.WebApi2\\EasyPayment4u.WebApi2.csproj
		SccProjectName1 = EasyPayment4u.WebApi2
		SccLocalPath1 = EasyPayment4u.WebApi2
		SccProjectUniqueName2 = EasyPayment4u.Api2\\EasyPayment4u.Api2.csproj
		SccProjectName2 = EasyPayment4u.Api2
		SccLocalPath2 = EasyPayment4u.Api2
	EndGlobalSection
	GlobalSection(SolutionConfigurationPlatforms) = preSolution
		Debug|Any CPU = Debug|Any CPU
		Release|Any CPU = Release|Any CPU
	EndGlobalSection
	GlobalSection(ProjectConfigurationPlatforms) = postSolution
		{C452AAF6-D6FB-4F71-AAF8-08E74F41D089}.Debug|Any CPU.ActiveCfg = Debug|Any CPU
		{C452AAF6-D6FB-4F71-AAF8-08E74F41D089}.Debug|Any CPU.Build.0 = Debug|Any CPU
		{C452AAF6-D6FB-4F71-AAF8-08E74F41D089}.Release|Any CPU.ActiveCfg = Release|Any CPU
		{C452AAF6-D6FB-4F71-AAF8-08E74F41D089}.Release|Any CPU.Build.0 = Release|Any CPU
		{51C4DF7D-B8CD-4BF0-9C69-EEE6FFF73E08}.Debug|Any CPU.ActiveCfg = Debug|Any CPU
		{51C4DF7D-B8CD-4BF0-9C69-EEE6FFF73E08}.Debug|Any CPU.Build.0 = Debug|Any CPU
		{51C4DF7D-B8CD-4BF0-9C69-EEE6FFF73E08}.Release|Any CPU.ActiveCfg = Release|Any CPU
		{51C4DF7D-B8CD-4BF0-9C69-EEE6FFF73E08}.Release|Any CPU.Build.0 = Release|Any CPU
	EndGlobalSection
	GlobalSection(SolutionProperties) = preSolution
		HideSolutionNode = FALSE
	EndGlobalSection
EndGlobal
